<?xml version="1.0" encoding="utf-8"?>
<Project ToolsVersion="4.0" xmlns="http://schemas.microsoft.com/developer/msbuild/2003">
  <ItemGroup>
    <Filter Include="Shaders">
      <UniqueIdentifier>{be3861d0-d3ae-424d-82f7-574519f742f8}</UniqueIdentifier>
    </Filter>
  </ItemGroup>
  <ItemGroup>
    <None Include="packages.config" />
    <None Include="shaders\particleFS.glsl">
      <Filter>Shaders</Filter>
    </None>
    <None Include="shaders\particleGS.glsl">
      <Filter>Shaders</Filter>
    </None>
    <None Include="shaders\particleVS.glsl">
      <Filter>Shaders</Filter>
    </None>
  </ItemGroup>
  <ItemGroup>
    <CudaCompile Include="kernel.cu" />
  </ItemGroup>
  <ItemGroup>
    <ClCompile Include="glslUtility.cpp" />
    <ClCompile Include="main.cpp" />
  </ItemGroup>
  <ItemGroup>
    <ClInclude Include="glslUtility.h" />
    <ClInclude Include="kernel.h" />
    <ClInclude Include="main.h" />
    <ClInclude Include="resource.h" />
  </ItemGroup>
  <ItemGroup>
    <ResourceCompile Include="cuda-boids.rc" />
  </ItemGroup>
</Project>